{
  "version": 4,
  "terraform_version": "0.12.3",
  "serial": 39,
  "lineage": "87aaa187-4687-35d2-5eea-a08efda91169",
  "outputs": {},
  "resources": [
    {
      "mode": "data",
      "type": "aws_availability_zones",
      "name": "azs",
      "provider": "provider.aws",
      "instances": [
        {
          "schema_version": 0,
          "attributes": {
            "id": "2019-06-27 09:12:08.6880543 +0000 UTC",
            "names": [
              "ap-south-1a",
              "ap-south-1b",
              "ap-south-1c"
            ],
            "state": null,
            "zone_ids": [
              "aps1-az1",
              "aps1-az3",
              "aps1-az2"
            ]
          }
        }
      ]
    },
    {
      "mode": "managed",
      "type": "aws_internet_gateway",
      "name": "gw",
      "provider": "provider.aws",
      "instances": [
        {
          "schema_version": 0,
          "attributes": {
            "id": "igw-0605960ac19d79a5b",
            "owner_id": "667542788543",
            "tags": {
              "Name": "Public_ing"
            },
            "vpc_id": "vpc-0b470595e7de7fa5c"
          },
          "depends_on": [
            "aws_vpc.myapp_vpc"
          ]
        }
      ]
    },
    {
      "mode": "managed",
      "type": "aws_route_table",
      "name": "r",
      "provider": "provider.aws",
      "instances": [
        {
          "schema_version": 0,
          "attributes": {
            "id": "rtb-0e6d229ed14e9d62c",
            "owner_id": "667542788543",
            "propagating_vgws": [],
            "route": [
              {
                "cidr_block": "0.0.0.0/0",
                "egress_only_gateway_id": "",
                "gateway_id": "igw-0605960ac19d79a5b",
                "instance_id": "",
                "ipv6_cidr_block": "",
                "nat_gateway_id": "",
                "network_interface_id": "",
                "transit_gateway_id": "",
                "vpc_peering_connection_id": ""
              }
            ],
            "tags": {
              "Name": "main"
            },
            "vpc_id": "vpc-0b470595e7de7fa5c"
          },
          "depends_on": [
            "aws_internet_gateway.gw",
            "aws_vpc.myapp_vpc"
          ]
        }
      ]
    },
    {
      "mode": "managed",
      "type": "aws_route_table_association",
      "name": "a",
      "each": "list",
      "provider": "provider.aws",
      "instances": [
        {
          "index_key": 0,
          "schema_version": 0,
          "attributes": {
            "id": "rtbassoc-07d8d3283477a8f49",
            "route_table_id": "rtb-0e6d229ed14e9d62c",
            "subnet_id": "subnet-06907391ac4fc99c0"
          },
          "private": "bnVsbA==",
          "depends_on": [
            "aws_route_table.r",
            "aws_subnet.main"
          ]
        },
        {
          "index_key": 1,
          "schema_version": 0,
          "attributes": {
            "id": "rtbassoc-0f731182ba2ac1698",
            "route_table_id": "rtb-0e6d229ed14e9d62c",
            "subnet_id": "subnet-0a6313f0e25da8a09"
          },
          "private": "bnVsbA==",
          "depends_on": [
            "aws_route_table.r",
            "aws_subnet.main"
          ]
        },
        {
          "index_key": 2,
          "schema_version": 0,
          "attributes": {
            "id": "rtbassoc-0fb65731952d60964",
            "route_table_id": "rtb-0e6d229ed14e9d62c",
            "subnet_id": "subnet-040421cbc497beb2e"
          },
          "private": "bnVsbA==",
          "depends_on": [
            "aws_route_table.r",
            "aws_subnet.main"
          ]
        }
      ]
    },
    {
      "mode": "managed",
      "type": "aws_subnet",
      "name": "main",
      "each": "list",
      "provider": "provider.aws",
      "instances": [
        {
          "index_key": 0,
          "schema_version": 1,
          "attributes": {
            "arn": "arn:aws:ec2:ap-south-1:667542788543:subnet/subnet-06907391ac4fc99c0",
            "assign_ipv6_address_on_creation": false,
            "availability_zone": "ap-south-1a",
            "availability_zone_id": "aps1-az1",
            "cidr_block": "10.0.1.0/24",
            "id": "subnet-06907391ac4fc99c0",
            "ipv6_cidr_block": "",
            "ipv6_cidr_block_association_id": "",
            "map_public_ip_on_launch": false,
            "owner_id": "667542788543",
            "tags": {
              "Name": "Public_subnet"
            },
            "timeouts": null,
            "vpc_id": "vpc-0b470595e7de7fa5c"
          },
          "depends_on": [
            "aws_vpc.myapp_vpc",
            "data.aws_availability_zones.azs"
          ]
        },
        {
          "index_key": 1,
          "schema_version": 1,
          "attributes": {
            "arn": "arn:aws:ec2:ap-south-1:667542788543:subnet/subnet-0a6313f0e25da8a09",
            "assign_ipv6_address_on_creation": false,
            "availability_zone": "ap-south-1b",
            "availability_zone_id": "aps1-az3",
            "cidr_block": "10.0.2.0/24",
            "id": "subnet-0a6313f0e25da8a09",
            "ipv6_cidr_block": "",
            "ipv6_cidr_block_association_id": "",
            "map_public_ip_on_launch": false,
            "owner_id": "667542788543",
            "tags": {
              "Name": "Public_subnet"
            },
            "timeouts": null,
            "vpc_id": "vpc-0b470595e7de7fa5c"
          },
          "depends_on": [
            "aws_vpc.myapp_vpc",
            "data.aws_availability_zones.azs"
          ]
        },
        {
          "index_key": 2,
          "schema_version": 1,
          "attributes": {
            "arn": "arn:aws:ec2:ap-south-1:667542788543:subnet/subnet-040421cbc497beb2e",
            "assign_ipv6_address_on_creation": false,
            "availability_zone": "ap-south-1c",
            "availability_zone_id": "aps1-az2",
            "cidr_block": "10.0.3.0/24",
            "id": "subnet-040421cbc497beb2e",
            "ipv6_cidr_block": "",
            "ipv6_cidr_block_association_id": "",
            "map_public_ip_on_launch": false,
            "owner_id": "667542788543",
            "tags": {
              "Name": "Public_subnet"
            },
            "timeouts": null,
            "vpc_id": "vpc-0b470595e7de7fa5c"
          },
          "depends_on": [
            "aws_vpc.myapp_vpc",
            "data.aws_availability_zones.azs"
          ]
        }
      ]
    },
    {
      "mode": "managed",
      "type": "aws_vpc",
      "name": "myapp_vpc",
      "provider": "provider.aws",
      "instances": [
        {
          "schema_version": 1,
          "attributes": {
            "arn": "arn:aws:ec2:ap-south-1:667542788543:vpc/vpc-0b470595e7de7fa5c",
            "assign_generated_ipv6_cidr_block": false,
            "cidr_block": "10.0.0.0/16",
            "default_network_acl_id": "acl-038136067e58bcad6",
            "default_route_table_id": "rtb-032cbd01f4c8c4bb7",
            "default_security_group_id": "sg-02b70ccbea76be333",
            "dhcp_options_id": "dopt-2a0a0b42",
            "enable_classiclink": false,
            "enable_classiclink_dns_support": false,
            "enable_dns_hostnames": false,
            "enable_dns_support": true,
            "id": "vpc-0b470595e7de7fa5c",
            "instance_tenancy": "default",
            "ipv6_association_id": "",
            "ipv6_cidr_block": "",
            "main_route_table_id": "rtb-032cbd01f4c8c4bb7",
            "owner_id": "667542788543",
            "tags": {
              "Batch": "7am",
              "Name": "MyVPC"
            }
          }
        }
      ]
    }
  ]
}
