{
  "version": 4,
  "terraform_version": "0.12.3",
  "serial": 150,
  "lineage": "87aaa187-4687-35d2-5eea-a08efda91169",
  "outputs": {},
  "resources": [
    {
      "mode": "data",
      "type": "aws_availability_zones",
      "name": "azs",
      "provider": "provider.aws",
      "instances": [
        {
          "schema_version": 0,
          "attributes": {
            "id": "2019-08-03 08:35:13.5851456 +0000 UTC",
            "names": [
              "ap-south-1a",
              "ap-south-1b",
              "ap-south-1c"
            ],
            "state": null,
            "zone_ids": [
              "aps1-az1",
              "aps1-az3",
              "aps1-az2"
            ]
          }
        }
      ]
    },
    {
      "mode": "managed",
      "type": "aws_instance",
      "name": "nat",
      "provider": "provider.aws",
      "instances": [
        {
          "schema_version": 1,
          "attributes": {
            "ami": "ami-0d2692b6acea72ee6",
            "arn": "arn:aws:ec2:ap-south-1:667542788543:instance/i-080bb6b54a2871241",
            "associate_public_ip_address": false,
            "availability_zone": "ap-south-1a",
            "cpu_core_count": 1,
            "cpu_threads_per_core": 1,
            "credit_specification": [
              {
                "cpu_credits": "standard"
              }
            ],
            "disable_api_termination": false,
            "ebs_block_device": [],
            "ebs_optimized": false,
            "ephemeral_block_device": [],
            "get_password_data": false,
            "host_id": null,
            "iam_instance_profile": "",
            "id": "i-080bb6b54a2871241",
            "instance_initiated_shutdown_behavior": null,
            "instance_state": "running",
            "instance_type": "t2.micro",
            "ipv6_address_count": 0,
            "ipv6_addresses": [],
            "key_name": "",
            "monitoring": false,
            "network_interface": [],
            "network_interface_id": null,
            "password_data": "",
            "placement_group": "",
            "primary_network_interface_id": "eni-0ea1a4a0cec496662",
            "private_dns": "ip-10-0-1-209.ap-south-1.compute.internal",
            "private_ip": "10.0.1.209",
            "public_dns": "",
            "public_ip": "",
            "root_block_device": [
              {
                "delete_on_termination": true,
                "iops": 100,
                "volume_id": "vol-0807e1dcbb361eeeb",
                "volume_size": 8,
                "volume_type": "gp2"
              }
            ],
            "security_groups": [],
            "source_dest_check": false,
            "subnet_id": "subnet-07cfa56e58e575306",
            "tags": {
              "Name": "Nat-instance"
            },
            "tenancy": "default",
            "timeouts": null,
            "user_data": null,
            "user_data_base64": null,
            "volume_tags": {},
            "vpc_security_group_ids": [
              "sg-08c5a573ab49919a1"
            ]
          },
          "private": "eyJlMmJmYjczMC1lY2FhLTExZTYtOGY4OC0zNDM2M2JjN2M0YzAiOnsiY3JlYXRlIjo2MDAwMDAwMDAwMDAsImRlbGV0ZSI6MTIwMDAwMDAwMDAwMCwidXBkYXRlIjo2MDAwMDAwMDAwMDB9LCJzY2hlbWFfdmVyc2lvbiI6IjEifQ=="
        }
      ]
    },
    {
      "mode": "managed",
      "type": "aws_internet_gateway",
      "name": "gw",
      "provider": "provider.aws",
      "instances": [
        {
          "schema_version": 0,
          "attributes": {
            "id": "igw-04dd38a9a75a88872",
            "owner_id": "667542788543",
            "tags": {
              "Name": "Public_ing"
            },
            "vpc_id": "vpc-044aa78b95ab55a04"
          },
          "depends_on": [
            "aws_vpc.myapp_vpc"
          ]
        }
      ]
    },
    {
      "mode": "managed",
      "type": "aws_route_table",
      "name": "prt",
      "provider": "provider.aws",
      "instances": [
        {
          "schema_version": 0,
          "attributes": {
            "id": "rtb-026d7566123a02133",
            "owner_id": "667542788543",
            "propagating_vgws": [],
            "route": [
              {
                "cidr_block": "0.0.0.0/0",
                "egress_only_gateway_id": "",
                "gateway_id": "",
                "instance_id": "i-080bb6b54a2871241",
                "ipv6_cidr_block": "",
                "nat_gateway_id": "",
                "network_interface_id": "",
                "transit_gateway_id": "",
                "vpc_peering_connection_id": ""
              }
            ],
            "tags": {
              "Name": "private_rt"
            },
            "vpc_id": "vpc-044aa78b95ab55a04"
          },
          "private": "bnVsbA==",
          "depends_on": [
            "aws_instance.nat",
            "aws_vpc.myapp_vpc"
          ]
        }
      ]
    },
    {
      "mode": "managed",
      "type": "aws_route_table",
      "name": "r",
      "provider": "provider.aws",
      "instances": [
        {
          "schema_version": 0,
          "attributes": {
            "id": "rtb-06c2a2aa665b6ba7e",
            "owner_id": "667542788543",
            "propagating_vgws": [],
            "route": [
              {
                "cidr_block": "0.0.0.0/0",
                "egress_only_gateway_id": "",
                "gateway_id": "igw-04dd38a9a75a88872",
                "instance_id": "",
                "ipv6_cidr_block": "",
                "nat_gateway_id": "",
                "network_interface_id": "",
                "transit_gateway_id": "",
                "vpc_peering_connection_id": ""
              }
            ],
            "tags": {
              "Name": "public_rt"
            },
            "vpc_id": "vpc-044aa78b95ab55a04"
          },
          "depends_on": [
            "aws_internet_gateway.gw",
            "aws_vpc.myapp_vpc"
          ]
        }
      ]
    },
    {
      "mode": "managed",
      "type": "aws_route_table_association",
      "name": "a",
      "each": "list",
      "provider": "provider.aws",
      "instances": [
        {
          "index_key": 0,
          "schema_version": 0,
          "attributes": {
            "id": "rtbassoc-044df3761b52f64a3",
            "route_table_id": "rtb-06c2a2aa665b6ba7e",
            "subnet_id": "subnet-07cfa56e58e575306"
          },
          "depends_on": [
            "aws_route_table.r"
          ]
        },
        {
          "index_key": 1,
          "schema_version": 0,
          "attributes": {
            "id": "rtbassoc-0a13110ba73b1029f",
            "route_table_id": "rtb-06c2a2aa665b6ba7e",
            "subnet_id": "subnet-0ad83d09494f4c47d"
          },
          "depends_on": [
            "aws_route_table.r"
          ]
        },
        {
          "index_key": 2,
          "schema_version": 0,
          "attributes": {
            "id": "rtbassoc-0ecea0814e2ce47c6",
            "route_table_id": "rtb-06c2a2aa665b6ba7e",
            "subnet_id": "subnet-04436cbc06e1e4380"
          },
          "depends_on": [
            "aws_route_table.r"
          ]
        }
      ]
    },
    {
      "mode": "managed",
      "type": "aws_route_table_association",
      "name": "pa",
      "each": "list",
      "provider": "provider.aws",
      "instances": [
        {
          "index_key": 0,
          "schema_version": 0,
          "attributes": {
            "id": "rtbassoc-0b3df8e657c5c02d0",
            "route_table_id": "rtb-026d7566123a02133",
            "subnet_id": "subnet-0af2b96647d08adb0"
          },
          "private": "bnVsbA==",
          "depends_on": [
            "aws_route_table.prt"
          ]
        },
        {
          "index_key": 1,
          "schema_version": 0,
          "attributes": {
            "id": "rtbassoc-076a3ffb6c54e9650",
            "route_table_id": "rtb-026d7566123a02133",
            "subnet_id": "subnet-0af9d242f2e6baa9e"
          },
          "private": "bnVsbA==",
          "depends_on": [
            "aws_route_table.prt"
          ]
        }
      ]
    },
    {
      "mode": "managed",
      "type": "aws_subnet",
      "name": "main",
      "each": "list",
      "provider": "provider.aws",
      "instances": [
        {
          "index_key": 0,
          "schema_version": 1,
          "attributes": {
            "arn": "arn:aws:ec2:ap-south-1:667542788543:subnet/subnet-07cfa56e58e575306",
            "assign_ipv6_address_on_creation": false,
            "availability_zone": "ap-south-1a",
            "availability_zone_id": "aps1-az1",
            "cidr_block": "10.0.1.0/24",
            "id": "subnet-07cfa56e58e575306",
            "ipv6_cidr_block": "",
            "ipv6_cidr_block_association_id": "",
            "map_public_ip_on_launch": true,
            "owner_id": "667542788543",
            "tags": {
              "Name": "Public_subnet"
            },
            "timeouts": null,
            "vpc_id": "vpc-044aa78b95ab55a04"
          },
          "depends_on": [
            "aws_vpc.myapp_vpc"
          ]
        },
        {
          "index_key": 1,
          "schema_version": 1,
          "attributes": {
            "arn": "arn:aws:ec2:ap-south-1:667542788543:subnet/subnet-0ad83d09494f4c47d",
            "assign_ipv6_address_on_creation": false,
            "availability_zone": "ap-south-1b",
            "availability_zone_id": "aps1-az3",
            "cidr_block": "10.0.2.0/24",
            "id": "subnet-0ad83d09494f4c47d",
            "ipv6_cidr_block": "",
            "ipv6_cidr_block_association_id": "",
            "map_public_ip_on_launch": true,
            "owner_id": "667542788543",
            "tags": {
              "Name": "Public_subnet"
            },
            "timeouts": null,
            "vpc_id": "vpc-044aa78b95ab55a04"
          },
          "depends_on": [
            "aws_vpc.myapp_vpc"
          ]
        },
        {
          "index_key": 2,
          "schema_version": 1,
          "attributes": {
            "arn": "arn:aws:ec2:ap-south-1:667542788543:subnet/subnet-04436cbc06e1e4380",
            "assign_ipv6_address_on_creation": false,
            "availability_zone": "ap-south-1c",
            "availability_zone_id": "aps1-az2",
            "cidr_block": "10.0.3.0/24",
            "id": "subnet-04436cbc06e1e4380",
            "ipv6_cidr_block": "",
            "ipv6_cidr_block_association_id": "",
            "map_public_ip_on_launch": true,
            "owner_id": "667542788543",
            "tags": {
              "Name": "Public_subnet"
            },
            "timeouts": null,
            "vpc_id": "vpc-044aa78b95ab55a04"
          },
          "depends_on": [
            "aws_vpc.myapp_vpc"
          ]
        }
      ]
    },
    {
      "mode": "managed",
      "type": "aws_subnet",
      "name": "private",
      "each": "list",
      "provider": "provider.aws",
      "instances": [
        {
          "index_key": 0,
          "schema_version": 1,
          "attributes": {
            "arn": "arn:aws:ec2:ap-south-1:667542788543:subnet/subnet-0af2b96647d08adb0",
            "assign_ipv6_address_on_creation": false,
            "availability_zone": "ap-south-1a",
            "availability_zone_id": "aps1-az1",
            "cidr_block": "10.0.6.0/24",
            "id": "subnet-0af2b96647d08adb0",
            "ipv6_cidr_block": "",
            "ipv6_cidr_block_association_id": "",
            "map_public_ip_on_launch": false,
            "owner_id": "667542788543",
            "tags": {
              "Name": "private_subnet"
            },
            "timeouts": null,
            "vpc_id": "vpc-044aa78b95ab55a04"
          },
          "depends_on": [
            "aws_vpc.myapp_vpc"
          ]
        },
        {
          "index_key": 1,
          "schema_version": 1,
          "attributes": {
            "arn": "arn:aws:ec2:ap-south-1:667542788543:subnet/subnet-0af9d242f2e6baa9e",
            "assign_ipv6_address_on_creation": false,
            "availability_zone": "ap-south-1b",
            "availability_zone_id": "aps1-az3",
            "cidr_block": "10.0.7.0/24",
            "id": "subnet-0af9d242f2e6baa9e",
            "ipv6_cidr_block": "",
            "ipv6_cidr_block_association_id": "",
            "map_public_ip_on_launch": false,
            "owner_id": "667542788543",
            "tags": {
              "Name": "private_subnet"
            },
            "timeouts": null,
            "vpc_id": "vpc-044aa78b95ab55a04"
          },
          "depends_on": [
            "aws_vpc.myapp_vpc"
          ]
        }
      ]
    },
    {
      "mode": "managed",
      "type": "aws_vpc",
      "name": "myapp_vpc",
      "provider": "provider.aws",
      "instances": [
        {
          "schema_version": 1,
          "attributes": {
            "arn": "arn:aws:ec2:ap-south-1:667542788543:vpc/vpc-044aa78b95ab55a04",
            "assign_generated_ipv6_cidr_block": false,
            "cidr_block": "10.0.0.0/16",
            "default_network_acl_id": "acl-095d587c3ce2fbc7d",
            "default_route_table_id": "rtb-05333cd3fb0448bb7",
            "default_security_group_id": "sg-08c5a573ab49919a1",
            "dhcp_options_id": "dopt-2a0a0b42",
            "enable_classiclink": false,
            "enable_classiclink_dns_support": false,
            "enable_dns_hostnames": false,
            "enable_dns_support": true,
            "id": "vpc-044aa78b95ab55a04",
            "instance_tenancy": "default",
            "ipv6_association_id": "",
            "ipv6_cidr_block": "",
            "main_route_table_id": "rtb-05333cd3fb0448bb7",
            "owner_id": "667542788543",
            "tags": {
              "Batch": "7am",
              "Name": "MyVPC"
            }
          }
        }
      ]
    }
  ]
}
